
Microsoft Visual Studio Solution File, Format Version 12.00
# Visual Studio Version 17
VisualStudioVersion = 17.11.35312.102
MinimumVisualStudioVersion = 10.0.40219.1
Project("{FAE04EC0-301F-11D3-BF4B-00C04F79EFBC}") = "FastTechFoods.ProductsManagerService.API", "FastTechFoods.ProductsManagerService.API\FastTechFoods.ProductsManagerService.API.csproj", "{92D3AD06-1F01-4E08-A13E-E8FA8FCAA6F8}"
EndProject
Project("{FAE04EC0-301F-11D3-BF4B-00C04F79EFBC}") = "FastTechFoods.ProductsManagerService.Application", "FastTechFoods.ProductsManagerService.Application\FastTechFoods.ProductsManagerService.Application.csproj", "{2C369E7D-0CB0-45A4-B9D0-2FF1349E13EA}"
EndProject
Project("{FAE04EC0-301F-11D3-BF4B-00C04F79EFBC}") = "FastTechFoods.ProductsManagerService.Domain", "FastTechFoods.ProductsManagerService.Domain\FastTechFoods.ProductsManagerService.Domain.csproj", "{726350A0-C422-4ED9-8A3F-B2D6F7737084}"
EndProject
Project("{FAE04EC0-301F-11D3-BF4B-00C04F79EFBC}") = "FastTechFoods.ProductsManagerService.Infraestructure", "FastTechFoods.ProductsManagerService.Infraestructure\FastTechFoods.ProductsManagerService.Infraestructure.csproj", "{9B4B6ED4-86DC-4F3C-A4A7-6D785009DD54}"
EndProject
Global
	GlobalSection(SolutionConfigurationPlatforms) = preSolution
		Debug|Any CPU = Debug|Any CPU
		Release|Any CPU = Release|Any CPU
	EndGlobalSection
	GlobalSection(ProjectConfigurationPlatforms) = postSolution
		{92D3AD06-1F01-4E08-A13E-E8FA8FCAA6F8}.Debug|Any CPU.ActiveCfg = Debug|Any CPU
		{92D3AD06-1F01-4E08-A13E-E8FA8FCAA6F8}.Debug|Any CPU.Build.0 = Debug|Any CPU
		{92D3AD06-1F01-4E08-A13E-E8FA8FCAA6F8}.Release|Any CPU.ActiveCfg = Release|Any CPU
		{92D3AD06-1F01-4E08-A13E-E8FA8FCAA6F8}.Release|Any CPU.Build.0 = Release|Any CPU
		{2C369E7D-0CB0-45A4-B9D0-2FF1349E13EA}.Debug|Any CPU.ActiveCfg = Debug|Any CPU
		{2C369E7D-0CB0-45A4-B9D0-2FF1349E13EA}.Debug|Any CPU.Build.0 = Debug|Any CPU
		{2C369E7D-0CB0-45A4-B9D0-2FF1349E13EA}.Release|Any CPU.ActiveCfg = Release|Any CPU
		{2C369E7D-0CB0-45A4-B9D0-2FF1349E13EA}.Release|Any CPU.Build.0 = Release|Any CPU
		{726350A0-C422-4ED9-8A3F-B2D6F7737084}.Debug|Any CPU.ActiveCfg = Debug|Any CPU
		{726350A0-C422-4ED9-8A3F-B2D6F7737084}.Debug|Any CPU.Build.0 = Debug|Any CPU
		{726350A0-C422-4ED9-8A3F-B2D6F7737084}.Release|Any CPU.ActiveCfg = Release|Any CPU
		{726350A0-C422-4ED9-8A3F-B2D6F7737084}.Release|Any CPU.Build.0 = Release|Any CPU
		{9B4B6ED4-86DC-4F3C-A4A7-6D785009DD54}.Debug|Any CPU.ActiveCfg = Debug|Any CPU
		{9B4B6ED4-86DC-4F3C-A4A7-6D785009DD54}.Debug|Any CPU.Build.0 = Debug|Any CPU
		{9B4B6ED4-86DC-4F3C-A4A7-6D785009DD54}.Release|Any CPU.ActiveCfg = Release|Any CPU
		{9B4B6ED4-86DC-4F3C-A4A7-6D785009DD54}.Release|Any CPU.Build.0 = Release|Any CPU
	EndGlobalSection
	GlobalSection(SolutionProperties) = preSolution
		HideSolutionNode = FALSE
	EndGlobalSection
	GlobalSection(ExtensibilityGlobals) = postSolution
		SolutionGuid = {251D0DC5-0EB5-4E99-8B65-6104C13299CA}
	EndGlobalSection
EndGlobal
